
Microsoft Visual Studio Solution File, Format Version 9.00
# Visual C++ Express 2005
Project("{8BC9CEB8-8B4A-11D0-8D11-00A0C91BC942}") = "TicTacToe", "TicTacToe\TicTacToe.vcproj", "{1DB302CA-FB83-4631-B754-96CE8EB019D4}"
EndProject
Project("{8BC9CEB8-8B4A-11D0-8D11-00A0C91BC942}") = "SocketServer", "SocketServer\SocketServer.vcproj", "{B5245BF8-EFEF-4DE5-BFC2-AE21153AE10B}"
EndProject
Project("{8BC9CEB8-8B4A-11D0-8D11-00A0C91BC942}") = "SocketClient", "SocketClient\SocketClient.vcproj", "{DCA3FBBE-A301-4E03-B97B-1408FFB1FBDC}"
EndProject
Project("{8BC9CEB8-8B4A-11D0-8D11-00A0C91BC942}") = "Tests", "Tests\Tests.vcproj", "{BE26F3D6-8E09-4577-8D66-C926CCD0857E}"
EndProject
Global
	GlobalSection(SolutionConfigurationPlatforms) = preSolution
		Debug|Win32 = Debug|Win32
		Release|Win32 = Release|Win32
	EndGlobalSection
	GlobalSection(ProjectConfigurationPlatforms) = postSolution
		{1DB302CA-FB83-4631-B754-96CE8EB019D4}.Debug|Win32.ActiveCfg = Debug|Win32
		{1DB302CA-FB83-4631-B754-96CE8EB019D4}.Debug|Win32.Build.0 = Debug|Win32
		{1DB302CA-FB83-4631-B754-96CE8EB019D4}.Release|Win32.ActiveCfg = Release|Win32
		{1DB302CA-FB83-4631-B754-96CE8EB019D4}.Release|Win32.Build.0 = Release|Win32
		{B5245BF8-EFEF-4DE5-BFC2-AE21153AE10B}.Debug|Win32.ActiveCfg = Debug|Win32
		{B5245BF8-EFEF-4DE5-BFC2-AE21153AE10B}.Debug|Win32.Build.0 = Debug|Win32
		{B5245BF8-EFEF-4DE5-BFC2-AE21153AE10B}.Release|Win32.ActiveCfg = Release|Win32
		{B5245BF8-EFEF-4DE5-BFC2-AE21153AE10B}.Release|Win32.Build.0 = Release|Win32
		{DCA3FBBE-A301-4E03-B97B-1408FFB1FBDC}.Debug|Win32.ActiveCfg = Debug|Win32
		{DCA3FBBE-A301-4E03-B97B-1408FFB1FBDC}.Debug|Win32.Build.0 = Debug|Win32
		{DCA3FBBE-A301-4E03-B97B-1408FFB1FBDC}.Release|Win32.ActiveCfg = Release|Win32
		{DCA3FBBE-A301-4E03-B97B-1408FFB1FBDC}.Release|Win32.Build.0 = Release|Win32
		{BE26F3D6-8E09-4577-8D66-C926CCD0857E}.Debug|Win32.ActiveCfg = Debug|Win32
		{BE26F3D6-8E09-4577-8D66-C926CCD0857E}.Debug|Win32.Build.0 = Debug|Win32
		{BE26F3D6-8E09-4577-8D66-C926CCD0857E}.Release|Win32.ActiveCfg = Release|Win32
		{BE26F3D6-8E09-4577-8D66-C926CCD0857E}.Release|Win32.Build.0 = Release|Win32
	EndGlobalSection
	GlobalSection(SolutionProperties) = preSolution
		HideSolutionNode = FALSE
	EndGlobalSection
EndGlobal
